
Microsoft Visual Studio Solution File, Format Version 12.00
# Visual Studio Version 17
VisualStudioVersion = 17.1.32210.238
MinimumVisualStudioVersion = 10.0.40219.1
Project("{9A19103F-16F7-4668-BE54-9A1E7A4F7556}") = "CatsCRUDApp", "CatsCRUDApp\CatsCRUDApp.csproj", "{6BF392BC-6B92-4AFB-A215-9E59307D06B9}"
EndProject
Project("{9A19103F-16F7-4668-BE54-9A1E7A4F7556}") = "BLL", "BLL\BLL.csproj", "{66B95F12-4558-436B-9FE7-97F46F30B200}"
EndProject
Project("{9A19103F-16F7-4668-BE54-9A1E7A4F7556}") = "DAL", "DAL\DAL.csproj", "{348B243D-535C-43C8-986A-A1B67C6D0A6F}"
EndProject
Project("{FAE04EC0-301F-11D3-BF4B-00C04F79EFBC}") = "CatsCRUDAppTest", "CatsCRUDAppTest\CatsCRUDAppTest.csproj", "{8028E7A6-6971-4ECB-A2A2-8BBB5D2E9644}"
EndProject
Global
	GlobalSection(SolutionConfigurationPlatforms) = preSolution
		Debug|Any CPU = Debug|Any CPU
		Release|Any CPU = Release|Any CPU
	EndGlobalSection
	GlobalSection(ProjectConfigurationPlatforms) = postSolution
		{6BF392BC-6B92-4AFB-A215-9E59307D06B9}.Debug|Any CPU.ActiveCfg = Debug|Any CPU
		{6BF392BC-6B92-4AFB-A215-9E59307D06B9}.Debug|Any CPU.Build.0 = Debug|Any CPU
		{6BF392BC-6B92-4AFB-A215-9E59307D06B9}.Release|Any CPU.ActiveCfg = Release|Any CPU
		{6BF392BC-6B92-4AFB-A215-9E59307D06B9}.Release|Any CPU.Build.0 = Release|Any CPU
		{66B95F12-4558-436B-9FE7-97F46F30B200}.Debug|Any CPU.ActiveCfg = Debug|Any CPU
		{66B95F12-4558-436B-9FE7-97F46F30B200}.Debug|Any CPU.Build.0 = Debug|Any CPU
		{66B95F12-4558-436B-9FE7-97F46F30B200}.Release|Any CPU.ActiveCfg = Release|Any CPU
		{66B95F12-4558-436B-9FE7-97F46F30B200}.Release|Any CPU.Build.0 = Release|Any CPU
		{348B243D-535C-43C8-986A-A1B67C6D0A6F}.Debug|Any CPU.ActiveCfg = Debug|Any CPU
		{348B243D-535C-43C8-986A-A1B67C6D0A6F}.Debug|Any CPU.Build.0 = Debug|Any CPU
		{348B243D-535C-43C8-986A-A1B67C6D0A6F}.Release|Any CPU.ActiveCfg = Release|Any CPU
		{348B243D-535C-43C8-986A-A1B67C6D0A6F}.Release|Any CPU.Build.0 = Release|Any CPU
		{8028E7A6-6971-4ECB-A2A2-8BBB5D2E9644}.Debug|Any CPU.ActiveCfg = Debug|Any CPU
		{8028E7A6-6971-4ECB-A2A2-8BBB5D2E9644}.Debug|Any CPU.Build.0 = Debug|Any CPU
		{8028E7A6-6971-4ECB-A2A2-8BBB5D2E9644}.Release|Any CPU.ActiveCfg = Release|Any CPU
		{8028E7A6-6971-4ECB-A2A2-8BBB5D2E9644}.Release|Any CPU.Build.0 = Release|Any CPU
	EndGlobalSection
	GlobalSection(SolutionProperties) = preSolution
		HideSolutionNode = FALSE
	EndGlobalSection
	GlobalSection(ExtensibilityGlobals) = postSolution
		SolutionGuid = {E6207AF9-09D4-4843-BC83-FB74879D8E30}
	EndGlobalSection
EndGlobal
